
Microsoft Visual Studio Solution File, Format Version 12.00
# Visual Studio Version 17
VisualStudioVersion = 17.2.32616.157
MinimumVisualStudioVersion = 10.0.40219.1
Project("{2150E333-8FDC-42A3-9474-1A3956D46DE8}") = "Services", "Services", "{9EA3AB70-A2BF-4951-928A-117233DA5857}"
EndProject
Project("{2150E333-8FDC-42A3-9474-1A3956D46DE8}") = "Catalog", "Catalog", "{F9E75421-2505-4CB4-B7C2-6D1336562041}"
EndProject
Project("{9A19103F-16F7-4668-BE54-9A1E7A4F7556}") = "Catalog.API", "Services\Catalog\Catalog.API\Catalog.API.csproj", "{98FD47AC-9832-4C1E-BF81-53819060C32B}"
EndProject
Project("{E53339B2-1760-4266-BCC7-CA923CBCF16C}") = "docker-compose", "docker-compose.dcproj", "{AB9A17E9-17E4-4FF4-A84E-85BA37DAEE13}"
EndProject
Project("{2150E333-8FDC-42A3-9474-1A3956D46DE8}") = "Basket", "Basket", "{25C4EEA3-1524-4C37-96C6-DDF5E1AE64F8}"
EndProject
Project("{FAE04EC0-301F-11D3-BF4B-00C04F79EFBC}") = "Basket.API", "Services\Basket\Basket.API\Basket.API.csproj", "{EA75EA51-9BCC-4762-AAA9-30937D4A2BE9}"
EndProject
Project("{2150E333-8FDC-42A3-9474-1A3956D46DE8}") = "Discount", "Discount", "{B791D404-CCE7-468F-9468-B76A5C1DDC9F}"
EndProject
Project("{FAE04EC0-301F-11D3-BF4B-00C04F79EFBC}") = "Discount.API", "Services\Discount\Discount.API\Discount.API.csproj", "{7D25FB60-88FF-4910-8F9E-27779AD9AD21}"
EndProject
Project("{FAE04EC0-301F-11D3-BF4B-00C04F79EFBC}") = "Discount.Grpc", "Services\Discount\Discount.Grpc\Discount.Grpc.csproj", "{C50449DF-511F-4DE2-9114-A888F78383FD}"
EndProject
Global
	GlobalSection(SolutionConfigurationPlatforms) = preSolution
		Debug|Any CPU = Debug|Any CPU
		Release|Any CPU = Release|Any CPU
	EndGlobalSection
	GlobalSection(ProjectConfigurationPlatforms) = postSolution
		{98FD47AC-9832-4C1E-BF81-53819060C32B}.Debug|Any CPU.ActiveCfg = Debug|Any CPU
		{98FD47AC-9832-4C1E-BF81-53819060C32B}.Debug|Any CPU.Build.0 = Debug|Any CPU
		{98FD47AC-9832-4C1E-BF81-53819060C32B}.Release|Any CPU.ActiveCfg = Release|Any CPU
		{98FD47AC-9832-4C1E-BF81-53819060C32B}.Release|Any CPU.Build.0 = Release|Any CPU
		{AB9A17E9-17E4-4FF4-A84E-85BA37DAEE13}.Debug|Any CPU.ActiveCfg = Debug|Any CPU
		{AB9A17E9-17E4-4FF4-A84E-85BA37DAEE13}.Debug|Any CPU.Build.0 = Debug|Any CPU
		{AB9A17E9-17E4-4FF4-A84E-85BA37DAEE13}.Release|Any CPU.ActiveCfg = Release|Any CPU
		{AB9A17E9-17E4-4FF4-A84E-85BA37DAEE13}.Release|Any CPU.Build.0 = Release|Any CPU
		{EA75EA51-9BCC-4762-AAA9-30937D4A2BE9}.Debug|Any CPU.ActiveCfg = Debug|Any CPU
		{EA75EA51-9BCC-4762-AAA9-30937D4A2BE9}.Debug|Any CPU.Build.0 = Debug|Any CPU
		{EA75EA51-9BCC-4762-AAA9-30937D4A2BE9}.Release|Any CPU.ActiveCfg = Release|Any CPU
		{EA75EA51-9BCC-4762-AAA9-30937D4A2BE9}.Release|Any CPU.Build.0 = Release|Any CPU
		{7D25FB60-88FF-4910-8F9E-27779AD9AD21}.Debug|Any CPU.ActiveCfg = Debug|Any CPU
		{7D25FB60-88FF-4910-8F9E-27779AD9AD21}.Debug|Any CPU.Build.0 = Debug|Any CPU
		{7D25FB60-88FF-4910-8F9E-27779AD9AD21}.Release|Any CPU.ActiveCfg = Release|Any CPU
		{7D25FB60-88FF-4910-8F9E-27779AD9AD21}.Release|Any CPU.Build.0 = Release|Any CPU
		{C50449DF-511F-4DE2-9114-A888F78383FD}.Debug|Any CPU.ActiveCfg = Debug|Any CPU
		{C50449DF-511F-4DE2-9114-A888F78383FD}.Debug|Any CPU.Build.0 = Debug|Any CPU
		{C50449DF-511F-4DE2-9114-A888F78383FD}.Release|Any CPU.ActiveCfg = Release|Any CPU
		{C50449DF-511F-4DE2-9114-A888F78383FD}.Release|Any CPU.Build.0 = Release|Any CPU
	EndGlobalSection
	GlobalSection(SolutionProperties) = preSolution
		HideSolutionNode = FALSE
	EndGlobalSection
	GlobalSection(NestedProjects) = preSolution
		{F9E75421-2505-4CB4-B7C2-6D1336562041} = {9EA3AB70-A2BF-4951-928A-117233DA5857}
		{98FD47AC-9832-4C1E-BF81-53819060C32B} = {F9E75421-2505-4CB4-B7C2-6D1336562041}
		{25C4EEA3-1524-4C37-96C6-DDF5E1AE64F8} = {9EA3AB70-A2BF-4951-928A-117233DA5857}
		{EA75EA51-9BCC-4762-AAA9-30937D4A2BE9} = {25C4EEA3-1524-4C37-96C6-DDF5E1AE64F8}
		{B791D404-CCE7-468F-9468-B76A5C1DDC9F} = {9EA3AB70-A2BF-4951-928A-117233DA5857}
		{7D25FB60-88FF-4910-8F9E-27779AD9AD21} = {B791D404-CCE7-468F-9468-B76A5C1DDC9F}
		{C50449DF-511F-4DE2-9114-A888F78383FD} = {B791D404-CCE7-468F-9468-B76A5C1DDC9F}
	EndGlobalSection
	GlobalSection(ExtensibilityGlobals) = postSolution
		SolutionGuid = {2ACA53B5-EF0A-4B06-9875-5D4101A7321D}
	EndGlobalSection
EndGlobal
